
Microsoft Visual Studio Solution File, Format Version 12.00
Project("{FAE04EC0-301F-11D3-BF4B-00C04F79EFBC}") = "Chess.Console", "Chess.Console\Chess.Console.csproj", "{FCF54596-5B71-4FEF-B770-F9F9DE27B4E6}"
EndProject
Project("{FAE04EC0-301F-11D3-BF4B-00C04F79EFBC}") = "Chess.Logic", "Chess.Logic\Chess.Logic.csproj", "{0A96A966-37DA-4D30-9123-6DC98DE00728}"
EndProject
Project("{FAE04EC0-301F-11D3-BF4B-00C04F79EFBC}") = "Chess.Logic.Tests", "Chess.Logic.Tests\Chess.Logic.Tests.csproj", "{2D98B315-57BD-4BF0-A2ED-119477B40BB6}"
EndProject
Project("{FAE04EC0-301F-11D3-BF4B-00C04F79EFBC}") = "Chess.Api", "Chess.Api\Chess.Api.csproj", "{5597A49C-45C0-4873-AA45-F1A8F4FEC947}"
EndProject
Project("{FAE04EC0-301F-11D3-BF4B-00C04F79EFBC}") = "Chess.Dal", "Chess.Dal\Chess.Dal.csproj", "{A3D3D435-0A13-4683-8A04-99F465F73DAE}"
EndProject
Project("{FAE04EC0-301F-11D3-BF4B-00C04F79EFBC}") = "Chess.Orchestrator", "Chess.Orchestrator\Chess.Orchestrator.csproj", "{FE0C6155-A23E-44F2-9D0E-717302A2B2DC}"
EndProject
Global
	GlobalSection(SolutionConfigurationPlatforms) = preSolution
		Debug|Any CPU = Debug|Any CPU
		Release|Any CPU = Release|Any CPU
	EndGlobalSection
	GlobalSection(ProjectConfigurationPlatforms) = postSolution
		{FCF54596-5B71-4FEF-B770-F9F9DE27B4E6}.Debug|Any CPU.ActiveCfg = Debug|Any CPU
		{FCF54596-5B71-4FEF-B770-F9F9DE27B4E6}.Debug|Any CPU.Build.0 = Debug|Any CPU
		{FCF54596-5B71-4FEF-B770-F9F9DE27B4E6}.Release|Any CPU.ActiveCfg = Release|Any CPU
		{FCF54596-5B71-4FEF-B770-F9F9DE27B4E6}.Release|Any CPU.Build.0 = Release|Any CPU
		{0A96A966-37DA-4D30-9123-6DC98DE00728}.Debug|Any CPU.ActiveCfg = Debug|Any CPU
		{0A96A966-37DA-4D30-9123-6DC98DE00728}.Debug|Any CPU.Build.0 = Debug|Any CPU
		{0A96A966-37DA-4D30-9123-6DC98DE00728}.Release|Any CPU.ActiveCfg = Release|Any CPU
		{0A96A966-37DA-4D30-9123-6DC98DE00728}.Release|Any CPU.Build.0 = Release|Any CPU
		{2D98B315-57BD-4BF0-A2ED-119477B40BB6}.Debug|Any CPU.ActiveCfg = Debug|Any CPU
		{2D98B315-57BD-4BF0-A2ED-119477B40BB6}.Debug|Any CPU.Build.0 = Debug|Any CPU
		{2D98B315-57BD-4BF0-A2ED-119477B40BB6}.Release|Any CPU.ActiveCfg = Release|Any CPU
		{2D98B315-57BD-4BF0-A2ED-119477B40BB6}.Release|Any CPU.Build.0 = Release|Any CPU
		{5597A49C-45C0-4873-AA45-F1A8F4FEC947}.Debug|Any CPU.ActiveCfg = Debug|Any CPU
		{5597A49C-45C0-4873-AA45-F1A8F4FEC947}.Debug|Any CPU.Build.0 = Debug|Any CPU
		{5597A49C-45C0-4873-AA45-F1A8F4FEC947}.Release|Any CPU.ActiveCfg = Release|Any CPU
		{5597A49C-45C0-4873-AA45-F1A8F4FEC947}.Release|Any CPU.Build.0 = Release|Any CPU
		{A3D3D435-0A13-4683-8A04-99F465F73DAE}.Debug|Any CPU.ActiveCfg = Debug|Any CPU
		{A3D3D435-0A13-4683-8A04-99F465F73DAE}.Debug|Any CPU.Build.0 = Debug|Any CPU
		{A3D3D435-0A13-4683-8A04-99F465F73DAE}.Release|Any CPU.ActiveCfg = Release|Any CPU
		{A3D3D435-0A13-4683-8A04-99F465F73DAE}.Release|Any CPU.Build.0 = Release|Any CPU
		{FE0C6155-A23E-44F2-9D0E-717302A2B2DC}.Debug|Any CPU.ActiveCfg = Debug|Any CPU
		{FE0C6155-A23E-44F2-9D0E-717302A2B2DC}.Debug|Any CPU.Build.0 = Debug|Any CPU
		{FE0C6155-A23E-44F2-9D0E-717302A2B2DC}.Release|Any CPU.ActiveCfg = Release|Any CPU
		{FE0C6155-A23E-44F2-9D0E-717302A2B2DC}.Release|Any CPU.Build.0 = Release|Any CPU
	EndGlobalSection
EndGlobal
